
Microsoft Visual Studio Solution File, Format Version 12.00
# Visual Studio Version 17
VisualStudioVersion = 17.14.36301.6
MinimumVisualStudioVersion = 10.0.40219.1
Project("{FAE04EC0-301F-11D3-BF4B-00C04F79EFBC}") = "Controller", "Controller.csproj", "{BF2E4EFC-0DE4-408E-85BB-3E5352267F7D}"
EndProject
Global
	GlobalSection(SolutionConfigurationPlatforms) = preSolution
		Debug|Any CPU = Debug|Any CPU
		Release|Any CPU = Release|Any CPU
	EndGlobalSection
	GlobalSection(ProjectConfigurationPlatforms) = postSolution
		{BF2E4EFC-0DE4-408E-85BB-3E5352267F7D}.Debug|Any CPU.ActiveCfg = Debug|Any CPU
		{BF2E4EFC-0DE4-408E-85BB-3E5352267F7D}.Debug|Any CPU.Build.0 = Debug|Any CPU
		{BF2E4EFC-0DE4-408E-85BB-3E5352267F7D}.Release|Any CPU.ActiveCfg = Release|Any CPU
		{BF2E4EFC-0DE4-408E-85BB-3E5352267F7D}.Release|Any CPU.Build.0 = Release|Any CPU
	EndGlobalSection
	GlobalSection(SolutionProperties) = preSolution
		HideSolutionNode = FALSE
	EndGlobalSection
	GlobalSection(ExtensibilityGlobals) = postSolution
		SolutionGuid = {2376E32E-ADEA-4C02-94CB-B32662A7E6E0}
	EndGlobalSection
EndGlobal
